// !$*UTF8*$!
{
	archiveVersion = 1;
	classes = {
	};
	objectVersion = 56;
	objects = {

/* Begin PBXBuildFile section */
		02AE3AF613E6654D0D8234D0 /* Pods_PowerUpTests.framework in Frameworks */ = {isa = PBXBuildFile; fileRef = 856E39C20D66BD303EDD7E52 /* Pods_PowerUpTests.framework */; };
		1118349A2B0C131600EB24C4 /* MapViewController.swift in Sources */ = {isa = PBXBuildFile; fileRef = 111834992B0C131600EB24C4 /* MapViewController.swift */; };
		1118349C2B0C131D00EB24C4 /* ContentView.swift in Sources */ = {isa = PBXBuildFile; fileRef = 1118349B2B0C131D00EB24C4 /* ContentView.swift */; };
		111834A12B0C137D00EB24C4 /* Machine.swift in Sources */ = {isa = PBXBuildFile; fileRef = 1118349D2B0C137D00EB24C4 /* Machine.swift */; };
		111834A22B0C137D00EB24C4 /* CafeWithDistance.swift in Sources */ = {isa = PBXBuildFile; fileRef = 1118349E2B0C137D00EB24C4 /* CafeWithDistance.swift */; };
		111834A32B0C137D00EB24C4 /* Coordinate.swift in Sources */ = {isa = PBXBuildFile; fileRef = 1118349F2B0C137D00EB24C4 /* Coordinate.swift */; };
		111834A42B0C137D00EB24C4 /* Cafe.swift in Sources */ = {isa = PBXBuildFile; fileRef = 111834A02B0C137D00EB24C4 /* Cafe.swift */; };
		1129A88A2ACB5E990054E020 /* LoginViewController.swift in Sources */ = {isa = PBXBuildFile; fileRef = 1129A8892ACB5E990054E020 /* LoginViewController.swift */; };
		1129A88C2ACB5ED30054E020 /* LoginView.swift in Sources */ = {isa = PBXBuildFile; fileRef = 1129A88B2ACB5ED30054E020 /* LoginView.swift */; };
		11433FBE2ABCBCDD005AA716 /* .gitignore in Resources */ = {isa = PBXBuildFile; fileRef = 11433FBD2ABCBCDD005AA716 /* .gitignore */; };
		445294082AFDFB0300B1A3D5 /* ProfileView.swift in Sources */ = {isa = PBXBuildFile; fileRef = 445294072AFDFB0300B1A3D5 /* ProfileView.swift */; };
		4452940A2AFDFB8900B1A3D5 /* ProfileViewController.swift in Sources */ = {isa = PBXBuildFile; fileRef = 445294092AFDFB8900B1A3D5 /* ProfileViewController.swift */; };
		4452940C2B00A27A00B1A3D5 /* KeychainService.swift in Sources */ = {isa = PBXBuildFile; fileRef = 4452940B2B00A27A00B1A3D5 /* KeychainService.swift */; };
		44B8ACCE2B02CA2E00D1BAA4 /* UserService.swift in Sources */ = {isa = PBXBuildFile; fileRef = 44B8ACCD2B02CA2D00D1BAA4 /* UserService.swift */; };
		7454DD130D9425939073494A /* Pods_PowerUp.framework in Frameworks */ = {isa = PBXBuildFile; fileRef = 2E2C196D951641A7DAA32038 /* Pods_PowerUp.framework */; };
		8583334D2AE0AA9E005540D6 /* FirebaseAuth in Frameworks */ = {isa = PBXBuildFile; productRef = 8583334C2AE0AA9E005540D6 /* FirebaseAuth */; };
		8583334F2AE0AB4A005540D6 /* RegisterViewController.swift in Sources */ = {isa = PBXBuildFile; fileRef = 8583334E2AE0AB4A005540D6 /* RegisterViewController.swift */; };
		858333512AE0AB5F005540D6 /* RegisterView.swift in Sources */ = {isa = PBXBuildFile; fileRef = 858333502AE0AB5F005540D6 /* RegisterView.swift */; };
		858333532AE0AE07005540D6 /* GoogleService-Info.plist in Resources */ = {isa = PBXBuildFile; fileRef = 858333522AE0AE07005540D6 /* GoogleService-Info.plist */; };
		858F15432ABB77F0002B64C1 /* AppDelegate.swift in Sources */ = {isa = PBXBuildFile; fileRef = 858F15422ABB77F0002B64C1 /* AppDelegate.swift */; };
		858F15452ABB77F0002B64C1 /* SceneDelegate.swift in Sources */ = {isa = PBXBuildFile; fileRef = 858F15442ABB77F0002B64C1 /* SceneDelegate.swift */; };
		858F15472ABB77F0002B64C1 /* ViewController.swift in Sources */ = {isa = PBXBuildFile; fileRef = 858F15462ABB77F0002B64C1 /* ViewController.swift */; };
		858F154A2ABB77F0002B64C1 /* Main.storyboard in Resources */ = {isa = PBXBuildFile; fileRef = 858F15482ABB77F0002B64C1 /* Main.storyboard */; };
		858F154C2ABB77F1002B64C1 /* Assets.xcassets in Resources */ = {isa = PBXBuildFile; fileRef = 858F154B2ABB77F1002B64C1 /* Assets.xcassets */; };
		858F154F2ABB77F1002B64C1 /* LaunchScreen.storyboard in Resources */ = {isa = PBXBuildFile; fileRef = 858F154D2ABB77F1002B64C1 /* LaunchScreen.storyboard */; };
		858F155A2ABB77F1002B64C1 /* PowerUpTests.swift in Sources */ = {isa = PBXBuildFile; fileRef = 858F15592ABB77F1002B64C1 /* PowerUpTests.swift */; };
		858F15642ABB77F1002B64C1 /* PowerUpUITests.swift in Sources */ = {isa = PBXBuildFile; fileRef = 858F15632ABB77F1002B64C1 /* PowerUpUITests.swift */; };
		858F15662ABB77F1002B64C1 /* PowerUpUITestsLaunchTests.swift in Sources */ = {isa = PBXBuildFile; fileRef = 858F15652ABB77F1002B64C1 /* PowerUpUITestsLaunchTests.swift */; };
		858F15752ABB99B4002B64C1 /* README.md in Resources */ = {isa = PBXBuildFile; fileRef = 858F15742ABB99B4002B64C1 /* README.md */; };
		858F16AE2ACA7357002B64C1 /* StoreViewController.swift in Sources */ = {isa = PBXBuildFile; fileRef = 858F16AD2ACA7357002B64C1 /* StoreViewController.swift */; };
		858F16B02ACA73C5002B64C1 /* StoreScreen.swift in Sources */ = {isa = PBXBuildFile; fileRef = 858F16AF2ACA73C5002B64C1 /* StoreScreen.swift */; };
		858F16B32ACB978C002B64C1 /* TimeScreen.swift in Sources */ = {isa = PBXBuildFile; fileRef = 858F16B22ACB978C002B64C1 /* TimeScreen.swift */; };
		858F16B52ACB97A1002B64C1 /* TimeViewController.swift in Sources */ = {isa = PBXBuildFile; fileRef = 858F16B42ACB97A1002B64C1 /* TimeViewController.swift */; };
		858F16C32ACE60A6002B64C1 /* WalletViewController.swift in Sources */ = {isa = PBXBuildFile; fileRef = 858F16C12ACE60A6002B64C1 /* WalletViewController.swift */; };
		858F16C42ACE60A6002B64C1 /* WalletView.swift in Sources */ = {isa = PBXBuildFile; fileRef = 858F16C22ACE60A6002B64C1 /* WalletView.swift */; };
		858F16C82ACE60C6002B64C1 /* StartScreenController.swift in Sources */ = {isa = PBXBuildFile; fileRef = 858F16C62ACE60C6002B64C1 /* StartScreenController.swift */; };
		858F16C92ACE60C6002B64C1 /* StartScreen.swift in Sources */ = {isa = PBXBuildFile; fileRef = 858F16C72ACE60C6002B64C1 /* StartScreen.swift */; };
		FFF38C35A51F0D6C31E2C3BF /* Pods_PowerUp_PowerUpUITests.framework in Frameworks */ = {isa = PBXBuildFile; fileRef = C94F392DEF1A1D274A790123 /* Pods_PowerUp_PowerUpUITests.framework */; };
/* End PBXBuildFile section */

/* Begin PBXContainerItemProxy section */
		858F15562ABB77F1002B64C1 /* PBXContainerItemProxy */ = {
			isa = PBXContainerItemProxy;
			containerPortal = 858F15372ABB77F0002B64C1 /* Project object */;
			proxyType = 1;
			remoteGlobalIDString = 858F153E2ABB77F0002B64C1;
			remoteInfo = PowerUp;
		};
		858F15602ABB77F1002B64C1 /* PBXContainerItemProxy */ = {
			isa = PBXContainerItemProxy;
			containerPortal = 858F15372ABB77F0002B64C1 /* Project object */;
			proxyType = 1;
			remoteGlobalIDString = 858F153E2ABB77F0002B64C1;
			remoteInfo = PowerUp;
		};
/* End PBXContainerItemProxy section */

/* Begin PBXFileReference section */
		111834992B0C131600EB24C4 /* MapViewController.swift */ = {isa = PBXFileReference; fileEncoding = 4; lastKnownFileType = sourcecode.swift; path = MapViewController.swift; sourceTree = "<group>"; };
		1118349B2B0C131D00EB24C4 /* ContentView.swift */ = {isa = PBXFileReference; fileEncoding = 4; lastKnownFileType = sourcecode.swift; path = ContentView.swift; sourceTree = "<group>"; };
		1118349D2B0C137D00EB24C4 /* Machine.swift */ = {isa = PBXFileReference; fileEncoding = 4; lastKnownFileType = sourcecode.swift; path = Machine.swift; sourceTree = "<group>"; };
		1118349E2B0C137D00EB24C4 /* CafeWithDistance.swift */ = {isa = PBXFileReference; fileEncoding = 4; lastKnownFileType = sourcecode.swift; path = CafeWithDistance.swift; sourceTree = "<group>"; };
		1118349F2B0C137D00EB24C4 /* Coordinate.swift */ = {isa = PBXFileReference; fileEncoding = 4; lastKnownFileType = sourcecode.swift; path = Coordinate.swift; sourceTree = "<group>"; };
		111834A02B0C137D00EB24C4 /* Cafe.swift */ = {isa = PBXFileReference; fileEncoding = 4; lastKnownFileType = sourcecode.swift; path = Cafe.swift; sourceTree = "<group>"; };
		1129A8892ACB5E990054E020 /* LoginViewController.swift */ = {isa = PBXFileReference; lastKnownFileType = sourcecode.swift; path = LoginViewController.swift; sourceTree = "<group>"; };
		1129A88B2ACB5ED30054E020 /* LoginView.swift */ = {isa = PBXFileReference; lastKnownFileType = sourcecode.swift; path = LoginView.swift; sourceTree = "<group>"; };
		11433FBD2ABCBCDD005AA716 /* .gitignore */ = {isa = PBXFileReference; lastKnownFileType = text; path = .gitignore; sourceTree = "<group>"; };
		2E2C196D951641A7DAA32038 /* Pods_PowerUp.framework */ = {isa = PBXFileReference; explicitFileType = wrapper.framework; includeInIndex = 0; path = Pods_PowerUp.framework; sourceTree = BUILT_PRODUCTS_DIR; };
		3BF5735E8EB5E7E4240F0C71 /* Pods-PowerUp.debug.xcconfig */ = {isa = PBXFileReference; includeInIndex = 1; lastKnownFileType = text.xcconfig; name = "Pods-PowerUp.debug.xcconfig"; path = "Target Support Files/Pods-PowerUp/Pods-PowerUp.debug.xcconfig"; sourceTree = "<group>"; };
		4199B8D07DD0FF42E3618594 /* Pods-PowerUpTests.release.xcconfig */ = {isa = PBXFileReference; includeInIndex = 1; lastKnownFileType = text.xcconfig; name = "Pods-PowerUpTests.release.xcconfig"; path = "Target Support Files/Pods-PowerUpTests/Pods-PowerUpTests.release.xcconfig"; sourceTree = "<group>"; };
		445294072AFDFB0300B1A3D5 /* ProfileView.swift */ = {isa = PBXFileReference; lastKnownFileType = sourcecode.swift; path = ProfileView.swift; sourceTree = "<group>"; };
		445294092AFDFB8900B1A3D5 /* ProfileViewController.swift */ = {isa = PBXFileReference; lastKnownFileType = sourcecode.swift; path = ProfileViewController.swift; sourceTree = "<group>"; };
		4452940B2B00A27A00B1A3D5 /* KeychainService.swift */ = {isa = PBXFileReference; lastKnownFileType = sourcecode.swift; path = KeychainService.swift; sourceTree = "<group>"; };
		44B8ACCD2B02CA2D00D1BAA4 /* UserService.swift */ = {isa = PBXFileReference; lastKnownFileType = sourcecode.swift; path = UserService.swift; sourceTree = "<group>"; };
		7551CF5ED700DE1005997F51 /* Pods-PowerUp.release.xcconfig */ = {isa = PBXFileReference; includeInIndex = 1; lastKnownFileType = text.xcconfig; name = "Pods-PowerUp.release.xcconfig"; path = "Target Support Files/Pods-PowerUp/Pods-PowerUp.release.xcconfig"; sourceTree = "<group>"; };
		856E39C20D66BD303EDD7E52 /* Pods_PowerUpTests.framework */ = {isa = PBXFileReference; explicitFileType = wrapper.framework; includeInIndex = 0; path = Pods_PowerUpTests.framework; sourceTree = BUILT_PRODUCTS_DIR; };
		8583334E2AE0AB4A005540D6 /* RegisterViewController.swift */ = {isa = PBXFileReference; lastKnownFileType = sourcecode.swift; path = RegisterViewController.swift; sourceTree = "<group>"; };
		858333502AE0AB5F005540D6 /* RegisterView.swift */ = {isa = PBXFileReference; lastKnownFileType = sourcecode.swift; path = RegisterView.swift; sourceTree = "<group>"; };
		858333522AE0AE07005540D6 /* GoogleService-Info.plist */ = {isa = PBXFileReference; fileEncoding = 4; lastKnownFileType = text.plist.xml; path = "GoogleService-Info.plist"; sourceTree = "<group>"; };
		858F153F2ABB77F0002B64C1 /* PowerUp.app */ = {isa = PBXFileReference; explicitFileType = wrapper.application; includeInIndex = 0; path = PowerUp.app; sourceTree = BUILT_PRODUCTS_DIR; };
		858F15422ABB77F0002B64C1 /* AppDelegate.swift */ = {isa = PBXFileReference; lastKnownFileType = sourcecode.swift; path = AppDelegate.swift; sourceTree = "<group>"; };
		858F15442ABB77F0002B64C1 /* SceneDelegate.swift */ = {isa = PBXFileReference; lastKnownFileType = sourcecode.swift; path = SceneDelegate.swift; sourceTree = "<group>"; };
		858F15462ABB77F0002B64C1 /* ViewController.swift */ = {isa = PBXFileReference; lastKnownFileType = sourcecode.swift; path = ViewController.swift; sourceTree = "<group>"; };
		858F15492ABB77F0002B64C1 /* Base */ = {isa = PBXFileReference; lastKnownFileType = file.storyboard; name = Base; path = Base.lproj/Main.storyboard; sourceTree = "<group>"; };
		858F154B2ABB77F1002B64C1 /* Assets.xcassets */ = {isa = PBXFileReference; lastKnownFileType = folder.assetcatalog; path = Assets.xcassets; sourceTree = "<group>"; };
		858F154E2ABB77F1002B64C1 /* Base */ = {isa = PBXFileReference; lastKnownFileType = file.storyboard; name = Base; path = Base.lproj/LaunchScreen.storyboard; sourceTree = "<group>"; };
		858F15502ABB77F1002B64C1 /* Info.plist */ = {isa = PBXFileReference; explicitFileType = text.xml; path = Info.plist; sourceTree = "<group>"; };
		858F15552ABB77F1002B64C1 /* PowerUpTests.xctest */ = {isa = PBXFileReference; explicitFileType = wrapper.cfbundle; includeInIndex = 0; path = PowerUpTests.xctest; sourceTree = BUILT_PRODUCTS_DIR; };
		858F15592ABB77F1002B64C1 /* PowerUpTests.swift */ = {isa = PBXFileReference; lastKnownFileType = sourcecode.swift; path = PowerUpTests.swift; sourceTree = "<group>"; };
		858F155F2ABB77F1002B64C1 /* PowerUpUITests.xctest */ = {isa = PBXFileReference; explicitFileType = wrapper.cfbundle; includeInIndex = 0; path = PowerUpUITests.xctest; sourceTree = BUILT_PRODUCTS_DIR; };
		858F15632ABB77F1002B64C1 /* PowerUpUITests.swift */ = {isa = PBXFileReference; lastKnownFileType = sourcecode.swift; path = PowerUpUITests.swift; sourceTree = "<group>"; };
		858F15652ABB77F1002B64C1 /* PowerUpUITestsLaunchTests.swift */ = {isa = PBXFileReference; lastKnownFileType = sourcecode.swift; path = PowerUpUITestsLaunchTests.swift; sourceTree = "<group>"; };
		858F15742ABB99B4002B64C1 /* README.md */ = {isa = PBXFileReference; lastKnownFileType = net.daringfireball.markdown; path = README.md; sourceTree = "<group>"; };
		858F16AD2ACA7357002B64C1 /* StoreViewController.swift */ = {isa = PBXFileReference; lastKnownFileType = sourcecode.swift; path = StoreViewController.swift; sourceTree = "<group>"; };
		858F16AF2ACA73C5002B64C1 /* StoreScreen.swift */ = {isa = PBXFileReference; lastKnownFileType = sourcecode.swift; path = StoreScreen.swift; sourceTree = "<group>"; };
		858F16B22ACB978C002B64C1 /* TimeScreen.swift */ = {isa = PBXFileReference; lastKnownFileType = sourcecode.swift; path = TimeScreen.swift; sourceTree = "<group>"; };
		858F16B42ACB97A1002B64C1 /* TimeViewController.swift */ = {isa = PBXFileReference; lastKnownFileType = sourcecode.swift; path = TimeViewController.swift; sourceTree = "<group>"; };
		858F16C12ACE60A6002B64C1 /* WalletViewController.swift */ = {isa = PBXFileReference; fileEncoding = 4; lastKnownFileType = sourcecode.swift; path = WalletViewController.swift; sourceTree = "<group>"; };
		858F16C22ACE60A6002B64C1 /* WalletView.swift */ = {isa = PBXFileReference; fileEncoding = 4; lastKnownFileType = sourcecode.swift; path = WalletView.swift; sourceTree = "<group>"; };
		858F16C62ACE60C6002B64C1 /* StartScreenController.swift */ = {isa = PBXFileReference; fileEncoding = 4; lastKnownFileType = sourcecode.swift; path = StartScreenController.swift; sourceTree = "<group>"; };
		858F16C72ACE60C6002B64C1 /* StartScreen.swift */ = {isa = PBXFileReference; fileEncoding = 4; lastKnownFileType = sourcecode.swift; path = StartScreen.swift; sourceTree = "<group>"; };
		997B66A43E020F39A767E048 /* Pods-PowerUp-PowerUpUITests.release.xcconfig */ = {isa = PBXFileReference; includeInIndex = 1; lastKnownFileType = text.xcconfig; name = "Pods-PowerUp-PowerUpUITests.release.xcconfig"; path = "Target Support Files/Pods-PowerUp-PowerUpUITests/Pods-PowerUp-PowerUpUITests.release.xcconfig"; sourceTree = "<group>"; };
		C94F392DEF1A1D274A790123 /* Pods_PowerUp_PowerUpUITests.framework */ = {isa = PBXFileReference; explicitFileType = wrapper.framework; includeInIndex = 0; path = Pods_PowerUp_PowerUpUITests.framework; sourceTree = BUILT_PRODUCTS_DIR; };
		CD92E050B85858DB48E1D08F /* Pods-PowerUpTests.debug.xcconfig */ = {isa = PBXFileReference; includeInIndex = 1; lastKnownFileType = text.xcconfig; name = "Pods-PowerUpTests.debug.xcconfig"; path = "Target Support Files/Pods-PowerUpTests/Pods-PowerUpTests.debug.xcconfig"; sourceTree = "<group>"; };
		FD1A0FB970BA81F6F3BACD8C /* Pods-PowerUp-PowerUpUITests.debug.xcconfig */ = {isa = PBXFileReference; includeInIndex = 1; lastKnownFileType = text.xcconfig; name = "Pods-PowerUp-PowerUpUITests.debug.xcconfig"; path = "Target Support Files/Pods-PowerUp-PowerUpUITests/Pods-PowerUp-PowerUpUITests.debug.xcconfig"; sourceTree = "<group>"; };
/* End PBXFileReference section */

/* Begin PBXFrameworksBuildPhase section */
		858F153C2ABB77F0002B64C1 /* Frameworks */ = {
			isa = PBXFrameworksBuildPhase;
			buildActionMask = 2147483647;
			files = (
				8583334D2AE0AA9E005540D6 /* FirebaseAuth in Frameworks */,
				7454DD130D9425939073494A /* Pods_PowerUp.framework in Frameworks */,
			);
			runOnlyForDeploymentPostprocessing = 0;
		};
		858F15522ABB77F1002B64C1 /* Frameworks */ = {
			isa = PBXFrameworksBuildPhase;
			buildActionMask = 2147483647;
			files = (
				02AE3AF613E6654D0D8234D0 /* Pods_PowerUpTests.framework in Frameworks */,
			);
			runOnlyForDeploymentPostprocessing = 0;
		};
		858F155C2ABB77F1002B64C1 /* Frameworks */ = {
			isa = PBXFrameworksBuildPhase;
			buildActionMask = 2147483647;
			files = (
				FFF38C35A51F0D6C31E2C3BF /* Pods_PowerUp_PowerUpUITests.framework in Frameworks */,
			);
			runOnlyForDeploymentPostprocessing = 0;
		};
/* End PBXFrameworksBuildPhase section */

/* Begin PBXGroup section */
		111834A52B0C138F00EB24C4 /* DataModels */ = {
			isa = PBXGroup;
			children = (
				111834A02B0C137D00EB24C4 /* Cafe.swift */,
				1118349E2B0C137D00EB24C4 /* CafeWithDistance.swift */,
				1118349F2B0C137D00EB24C4 /* Coordinate.swift */,
				1118349D2B0C137D00EB24C4 /* Machine.swift */,
			);
			path = DataModels;
			sourceTree = "<group>";
		};
		1129A8882ACB5DF00054E020 /* ProfileScreen */ = {
			isa = PBXGroup;
			children = (
				1129A8892ACB5E990054E020 /* LoginViewController.swift */,
				1129A88B2ACB5ED30054E020 /* LoginView.swift */,
				8583334E2AE0AB4A005540D6 /* RegisterViewController.swift */,
				858333502AE0AB5F005540D6 /* RegisterView.swift */,
				445294072AFDFB0300B1A3D5 /* ProfileView.swift */,
				445294092AFDFB8900B1A3D5 /* ProfileViewController.swift */,
			);
			path = ProfileScreen;
			sourceTree = "<group>";
		};
		16FD2581EABE2ABB23ADCDE9 /* Pods */ = {
			isa = PBXGroup;
			children = (
				3BF5735E8EB5E7E4240F0C71 /* Pods-PowerUp.debug.xcconfig */,
				7551CF5ED700DE1005997F51 /* Pods-PowerUp.release.xcconfig */,
				FD1A0FB970BA81F6F3BACD8C /* Pods-PowerUp-PowerUpUITests.debug.xcconfig */,
				997B66A43E020F39A767E048 /* Pods-PowerUp-PowerUpUITests.release.xcconfig */,
				CD92E050B85858DB48E1D08F /* Pods-PowerUpTests.debug.xcconfig */,
				4199B8D07DD0FF42E3618594 /* Pods-PowerUpTests.release.xcconfig */,
			);
			path = Pods;
			sourceTree = "<group>";
		};
		44B8ACCB2B02C0BF00D1BAA4 /* Keychain */ = {
			isa = PBXGroup;
			children = (
				4452940B2B00A27A00B1A3D5 /* KeychainService.swift */,
			);
			path = Keychain;
			sourceTree = "<group>";
		};
		44B8ACCC2B02CA0B00D1BAA4 /* UserService */ = {
			isa = PBXGroup;
			children = (
				44B8ACCD2B02CA2D00D1BAA4 /* UserService.swift */,
			);
			path = UserService;
			sourceTree = "<group>";
		};
		858F15362ABB77F0002B64C1 = {
			isa = PBXGroup;
			children = (
				11433FBD2ABCBCDD005AA716 /* .gitignore */,
				858F15742ABB99B4002B64C1 /* README.md */,
				858F15412ABB77F0002B64C1 /* PowerUp */,
				858F15582ABB77F1002B64C1 /* PowerUpTests */,
				858F15622ABB77F1002B64C1 /* PowerUpUITests */,
				858F15402ABB77F0002B64C1 /* Products */,
				16FD2581EABE2ABB23ADCDE9 /* Pods */,
				9AED7EA542B464A85158CE98 /* Frameworks */,
			);
			sourceTree = "<group>";
		};
		858F15402ABB77F0002B64C1 /* Products */ = {
			isa = PBXGroup;
			children = (
				858F153F2ABB77F0002B64C1 /* PowerUp.app */,
				858F15552ABB77F1002B64C1 /* PowerUpTests.xctest */,
				858F155F2ABB77F1002B64C1 /* PowerUpUITests.xctest */,
			);
			name = Products;
			sourceTree = "<group>";
		};
		858F15412ABB77F0002B64C1 /* PowerUp */ = {
			isa = PBXGroup;
			children = (
				111834A52B0C138F00EB24C4 /* DataModels */,
				1118349B2B0C131D00EB24C4 /* ContentView.swift */,
				111834992B0C131600EB24C4 /* MapViewController.swift */,
				44B8ACCC2B02CA0B00D1BAA4 /* UserService */,
				44B8ACCB2B02C0BF00D1BAA4 /* Keychain */,
				858333522AE0AE07005540D6 /* GoogleService-Info.plist */,
				858F16C52ACE60C6002B64C1 /* Start Screen */,
				858F16C02ACE60A6002B64C1 /* WalletView */,
				1129A8882ACB5DF00054E020 /* ProfileScreen */,
				858F16B12ACB9777002B64C1 /* Time Screen */,
				858F16AC2ACA7338002B64C1 /* Store Screen */,
				858F15422ABB77F0002B64C1 /* AppDelegate.swift */,
				858F15442ABB77F0002B64C1 /* SceneDelegate.swift */,
				858F15462ABB77F0002B64C1 /* ViewController.swift */,
				858F15482ABB77F0002B64C1 /* Main.storyboard */,
				858F154B2ABB77F1002B64C1 /* Assets.xcassets */,
				858F154D2ABB77F1002B64C1 /* LaunchScreen.storyboard */,
				858F15502ABB77F1002B64C1 /* Info.plist */,
			);
			path = PowerUp;
			sourceTree = "<group>";
		};
		858F15582ABB77F1002B64C1 /* PowerUpTests */ = {
			isa = PBXGroup;
			children = (
				858F15592ABB77F1002B64C1 /* PowerUpTests.swift */,
			);
			path = PowerUpTests;
			sourceTree = "<group>";
		};
		858F15622ABB77F1002B64C1 /* PowerUpUITests */ = {
			isa = PBXGroup;
			children = (
				858F15632ABB77F1002B64C1 /* PowerUpUITests.swift */,
				858F15652ABB77F1002B64C1 /* PowerUpUITestsLaunchTests.swift */,
			);
			path = PowerUpUITests;
			sourceTree = "<group>";
		};
		858F16AC2ACA7338002B64C1 /* Store Screen */ = {
			isa = PBXGroup;
			children = (
				858F16AD2ACA7357002B64C1 /* StoreViewController.swift */,
				858F16AF2ACA73C5002B64C1 /* StoreScreen.swift */,
			);
			path = "Store Screen";
			sourceTree = "<group>";
		};
		858F16B12ACB9777002B64C1 /* Time Screen */ = {
			isa = PBXGroup;
			children = (
				858F16B22ACB978C002B64C1 /* TimeScreen.swift */,
				858F16B42ACB97A1002B64C1 /* TimeViewController.swift */,
			);
			path = "Time Screen";
			sourceTree = "<group>";
		};
		858F16C02ACE60A6002B64C1 /* WalletView */ = {
			isa = PBXGroup;
			children = (
				858F16C12ACE60A6002B64C1 /* WalletViewController.swift */,
				858F16C22ACE60A6002B64C1 /* WalletView.swift */,
			);
			path = WalletView;
			sourceTree = "<group>";
		};
		858F16C52ACE60C6002B64C1 /* Start Screen */ = {
			isa = PBXGroup;
			children = (
				858F16C62ACE60C6002B64C1 /* StartScreenController.swift */,
				858F16C72ACE60C6002B64C1 /* StartScreen.swift */,
			);
			path = "Start Screen";
			sourceTree = "<group>";
		};
		9AED7EA542B464A85158CE98 /* Frameworks */ = {
			isa = PBXGroup;
			children = (
				2E2C196D951641A7DAA32038 /* Pods_PowerUp.framework */,
				C94F392DEF1A1D274A790123 /* Pods_PowerUp_PowerUpUITests.framework */,
				856E39C20D66BD303EDD7E52 /* Pods_PowerUpTests.framework */,
			);
			name = Frameworks;
			sourceTree = "<group>";
		};
/* End PBXGroup section */

/* Begin PBXNativeTarget section */
		858F153E2ABB77F0002B64C1 /* PowerUp */ = {
			isa = PBXNativeTarget;
			buildConfigurationList = 858F15692ABB77F1002B64C1 /* Build configuration list for PBXNativeTarget "PowerUp" */;
			buildPhases = (
				38AEFE8CE0C7303604F34329 /* [CP] Check Pods Manifest.lock */,
				858F153B2ABB77F0002B64C1 /* Sources */,
				858F153C2ABB77F0002B64C1 /* Frameworks */,
				858F153D2ABB77F0002B64C1 /* Resources */,
				EF913FC02074BEAAD66A1447 /* [CP] Embed Pods Frameworks */,
			);
			buildRules = (
			);
			dependencies = (
			);
			name = PowerUp;
			packageProductDependencies = (
				8583334C2AE0AA9E005540D6 /* FirebaseAuth */,
			);
			productName = PowerUp;
			productReference = 858F153F2ABB77F0002B64C1 /* PowerUp.app */;
			productType = "com.apple.product-type.application";
		};
		858F15542ABB77F1002B64C1 /* PowerUpTests */ = {
			isa = PBXNativeTarget;
			buildConfigurationList = 858F156C2ABB77F1002B64C1 /* Build configuration list for PBXNativeTarget "PowerUpTests" */;
			buildPhases = (
				F149613DD142BDFDBEAC96D1 /* [CP] Check Pods Manifest.lock */,
				858F15512ABB77F1002B64C1 /* Sources */,
				858F15522ABB77F1002B64C1 /* Frameworks */,
				858F15532ABB77F1002B64C1 /* Resources */,
			);
			buildRules = (
			);
			dependencies = (
				858F15572ABB77F1002B64C1 /* PBXTargetDependency */,
			);
			name = PowerUpTests;
			productName = PowerUpTests;
			productReference = 858F15552ABB77F1002B64C1 /* PowerUpTests.xctest */;
			productType = "com.apple.product-type.bundle.unit-test";
		};
		858F155E2ABB77F1002B64C1 /* PowerUpUITests */ = {
			isa = PBXNativeTarget;
			buildConfigurationList = 858F156F2ABB77F1002B64C1 /* Build configuration list for PBXNativeTarget "PowerUpUITests" */;
			buildPhases = (
				A954360013E10E99A426BB92 /* [CP] Check Pods Manifest.lock */,
				858F155B2ABB77F1002B64C1 /* Sources */,
				858F155C2ABB77F1002B64C1 /* Frameworks */,
				858F155D2ABB77F1002B64C1 /* Resources */,
				EAE88D3B5A9333CF37C4CE0C /* [CP] Embed Pods Frameworks */,
			);
			buildRules = (
			);
			dependencies = (
				858F15612ABB77F1002B64C1 /* PBXTargetDependency */,
			);
			name = PowerUpUITests;
			productName = PowerUpUITests;
			productReference = 858F155F2ABB77F1002B64C1 /* PowerUpUITests.xctest */;
			productType = "com.apple.product-type.bundle.ui-testing";
		};
/* End PBXNativeTarget section */

/* Begin PBXProject section */
		858F15372ABB77F0002B64C1 /* Project object */ = {
			isa = PBXProject;
			attributes = {
				BuildIndependentTargetsInParallel = 1;
				LastSwiftUpdateCheck = 1430;
				LastUpgradeCheck = 1430;
				TargetAttributes = {
					858F153E2ABB77F0002B64C1 = {
						CreatedOnToolsVersion = 14.3.1;
					};
					858F15542ABB77F1002B64C1 = {
						CreatedOnToolsVersion = 14.3.1;
						TestTargetID = 858F153E2ABB77F0002B64C1;
					};
					858F155E2ABB77F1002B64C1 = {
						CreatedOnToolsVersion = 14.3.1;
						TestTargetID = 858F153E2ABB77F0002B64C1;
					};
				};
			};
			buildConfigurationList = 858F153A2ABB77F0002B64C1 /* Build configuration list for PBXProject "PowerUp" */;
			compatibilityVersion = "Xcode 14.0";
			developmentRegion = en;
			hasScannedForEncodings = 0;
			knownRegions = (
				en,
				Base,
			);
			mainGroup = 858F15362ABB77F0002B64C1;
			packageReferences = (
				8583334B2AE0AA9D005540D6 /* XCRemoteSwiftPackageReference "firebase-ios-sdk" */,
			);
			productRefGroup = 858F15402ABB77F0002B64C1 /* Products */;
			projectDirPath = "";
			projectRoot = "";
			targets = (
				858F153E2ABB77F0002B64C1 /* PowerUp */,
				858F15542ABB77F1002B64C1 /* PowerUpTests */,
				858F155E2ABB77F1002B64C1 /* PowerUpUITests */,
			);
		};
/* End PBXProject section */

/* Begin PBXResourcesBuildPhase section */
		858F153D2ABB77F0002B64C1 /* Resources */ = {
			isa = PBXResourcesBuildPhase;
			buildActionMask = 2147483647;
			files = (
				11433FBE2ABCBCDD005AA716 /* .gitignore in Resources */,
				858F154F2ABB77F1002B64C1 /* LaunchScreen.storyboard in Resources */,
				858F154C2ABB77F1002B64C1 /* Assets.xcassets in Resources */,
				858F15752ABB99B4002B64C1 /* README.md in Resources */,
				858F154A2ABB77F0002B64C1 /* Main.storyboard in Resources */,
				858333532AE0AE07005540D6 /* GoogleService-Info.plist in Resources */,
			);
			runOnlyForDeploymentPostprocessing = 0;
		};
		858F15532ABB77F1002B64C1 /* Resources */ = {
			isa = PBXResourcesBuildPhase;
			buildActionMask = 2147483647;
			files = (
			);
			runOnlyForDeploymentPostprocessing = 0;
		};
		858F155D2ABB77F1002B64C1 /* Resources */ = {
			isa = PBXResourcesBuildPhase;
			buildActionMask = 2147483647;
			files = (
			);
			runOnlyForDeploymentPostprocessing = 0;
		};
/* End PBXResourcesBuildPhase section */

/* Begin PBXShellScriptBuildPhase section */
		38AEFE8CE0C7303604F34329 /* [CP] Check Pods Manifest.lock */ = {
			isa = PBXShellScriptBuildPhase;
			buildActionMask = 2147483647;
			files = (
			);
			inputFileListPaths = (
			);
			inputPaths = (
				"${PODS_PODFILE_DIR_PATH}/Podfile.lock",
				"${PODS_ROOT}/Manifest.lock",
			);
			name = "[CP] Check Pods Manifest.lock";
			outputFileListPaths = (
			);
			outputPaths = (
				"$(DERIVED_FILE_DIR)/Pods-PowerUp-checkManifestLockResult.txt",
			);
			runOnlyForDeploymentPostprocessing = 0;
			shellPath = /bin/sh;
			shellScript = "diff \"${PODS_PODFILE_DIR_PATH}/Podfile.lock\" \"${PODS_ROOT}/Manifest.lock\" > /dev/null\nif [ $? != 0 ] ; then\n    # print error to STDERR\n    echo \"error: The sandbox is not in sync with the Podfile.lock. Run 'pod install' or update your CocoaPods installation.\" >&2\n    exit 1\nfi\n# This output is used by Xcode 'outputs' to avoid re-running this script phase.\necho \"SUCCESS\" > \"${SCRIPT_OUTPUT_FILE_0}\"\n";
			showEnvVarsInLog = 0;
		};
		A954360013E10E99A426BB92 /* [CP] Check Pods Manifest.lock */ = {
			isa = PBXShellScriptBuildPhase;
			buildActionMask = 2147483647;
			files = (
			);
			inputFileListPaths = (
			);
			inputPaths = (
				"${PODS_PODFILE_DIR_PATH}/Podfile.lock",
				"${PODS_ROOT}/Manifest.lock",
			);
			name = "[CP] Check Pods Manifest.lock";
			outputFileListPaths = (
			);
			outputPaths = (
				"$(DERIVED_FILE_DIR)/Pods-PowerUp-PowerUpUITests-checkManifestLockResult.txt",
			);
			runOnlyForDeploymentPostprocessing = 0;
			shellPath = /bin/sh;
			shellScript = "diff \"${PODS_PODFILE_DIR_PATH}/Podfile.lock\" \"${PODS_ROOT}/Manifest.lock\" > /dev/null\nif [ $? != 0 ] ; then\n    # print error to STDERR\n    echo \"error: The sandbox is not in sync with the Podfile.lock. Run 'pod install' or update your CocoaPods installation.\" >&2\n    exit 1\nfi\n# This output is used by Xcode 'outputs' to avoid re-running this script phase.\necho \"SUCCESS\" > \"${SCRIPT_OUTPUT_FILE_0}\"\n";
			showEnvVarsInLog = 0;
		};
		EAE88D3B5A9333CF37C4CE0C /* [CP] Embed Pods Frameworks */ = {
			isa = PBXShellScriptBuildPhase;
			buildActionMask = 2147483647;
			files = (
			);
			inputFileListPaths = (
				"${PODS_ROOT}/Target Support Files/Pods-PowerUp-PowerUpUITests/Pods-PowerUp-PowerUpUITests-frameworks-${CONFIGURATION}-input-files.xcfilelist",
			);
			name = "[CP] Embed Pods Frameworks";
			outputFileListPaths = (
				"${PODS_ROOT}/Target Support Files/Pods-PowerUp-PowerUpUITests/Pods-PowerUp-PowerUpUITests-frameworks-${CONFIGURATION}-output-files.xcfilelist",
			);
			runOnlyForDeploymentPostprocessing = 0;
			shellPath = /bin/sh;
			shellScript = "\"${PODS_ROOT}/Target Support Files/Pods-PowerUp-PowerUpUITests/Pods-PowerUp-PowerUpUITests-frameworks.sh\"\n";
			showEnvVarsInLog = 0;
		};
		EF913FC02074BEAAD66A1447 /* [CP] Embed Pods Frameworks */ = {
			isa = PBXShellScriptBuildPhase;
			buildActionMask = 2147483647;
			files = (
			);
			inputFileListPaths = (
				"${PODS_ROOT}/Target Support Files/Pods-PowerUp/Pods-PowerUp-frameworks-${CONFIGURATION}-input-files.xcfilelist",
			);
			name = "[CP] Embed Pods Frameworks";
			outputFileListPaths = (
				"${PODS_ROOT}/Target Support Files/Pods-PowerUp/Pods-PowerUp-frameworks-${CONFIGURATION}-output-files.xcfilelist",
			);
			runOnlyForDeploymentPostprocessing = 0;
			shellPath = /bin/sh;
			shellScript = "\"${PODS_ROOT}/Target Support Files/Pods-PowerUp/Pods-PowerUp-frameworks.sh\"\n";
			showEnvVarsInLog = 0;
		};
		F149613DD142BDFDBEAC96D1 /* [CP] Check Pods Manifest.lock */ = {
			isa = PBXShellScriptBuildPhase;
			buildActionMask = 2147483647;
			files = (
			);
			inputFileListPaths = (
			);
			inputPaths = (
				"${PODS_PODFILE_DIR_PATH}/Podfile.lock",
				"${PODS_ROOT}/Manifest.lock",
			);
			name = "[CP] Check Pods Manifest.lock";
			outputFileListPaths = (
			);
			outputPaths = (
				"$(DERIVED_FILE_DIR)/Pods-PowerUpTests-checkManifestLockResult.txt",
			);
			runOnlyForDeploymentPostprocessing = 0;
			shellPath = /bin/sh;
			shellScript = "diff \"${PODS_PODFILE_DIR_PATH}/Podfile.lock\" \"${PODS_ROOT}/Manifest.lock\" > /dev/null\nif [ $? != 0 ] ; then\n    # print error to STDERR\n    echo \"error: The sandbox is not in sync with the Podfile.lock. Run 'pod install' or update your CocoaPods installation.\" >&2\n    exit 1\nfi\n# This output is used by Xcode 'outputs' to avoid re-running this script phase.\necho \"SUCCESS\" > \"${SCRIPT_OUTPUT_FILE_0}\"\n";
			showEnvVarsInLog = 0;
		};
/* End PBXShellScriptBuildPhase section */

/* Begin PBXSourcesBuildPhase section */
		858F153B2ABB77F0002B64C1 /* Sources */ = {
			isa = PBXSourcesBuildPhase;
			buildActionMask = 2147483647;
			files = (
				858F16AE2ACA7357002B64C1 /* StoreViewController.swift in Sources */,
				858F15472ABB77F0002B64C1 /* ViewController.swift in Sources */,
				858F16B32ACB978C002B64C1 /* TimeScreen.swift in Sources */,
				858F15432ABB77F0002B64C1 /* AppDelegate.swift in Sources */,
				858F16C92ACE60C6002B64C1 /* StartScreen.swift in Sources */,
				111834A12B0C137D00EB24C4 /* Machine.swift in Sources */,
				858F16C82ACE60C6002B64C1 /* StartScreenController.swift in Sources */,
				1129A88A2ACB5E990054E020 /* LoginViewController.swift in Sources */,
				111834A42B0C137D00EB24C4 /* Cafe.swift in Sources */,
				1129A88C2ACB5ED30054E020 /* LoginView.swift in Sources */,
				111834A32B0C137D00EB24C4 /* Coordinate.swift in Sources */,
				858333512AE0AB5F005540D6 /* RegisterView.swift in Sources */,
				4452940A2AFDFB8900B1A3D5 /* ProfileViewController.swift in Sources */,
				858F16C32ACE60A6002B64C1 /* WalletViewController.swift in Sources */,
				1118349A2B0C131600EB24C4 /* MapViewController.swift in Sources */,
				445294082AFDFB0300B1A3D5 /* ProfileView.swift in Sources */,
				1129A88A2ACB5E990054E020 /* LoginViewController.swift in Sources */,
				4452940C2B00A27A00B1A3D5 /* KeychainService.swift in Sources */,
				44B8ACCE2B02CA2E00D1BAA4 /* UserService.swift in Sources */,
				1129A88C2ACB5ED30054E020 /* LoginView.swift in Sources */,
				1118349C2B0C131D00EB24C4 /* ContentView.swift in Sources */,
				8583334F2AE0AB4A005540D6 /* RegisterViewController.swift in Sources */,
				858F16B52ACB97A1002B64C1 /* TimeViewController.swift in Sources */,
				858F16C42ACE60A6002B64C1 /* WalletView.swift in Sources */,
				858F16B02ACA73C5002B64C1 /* StoreScreen.swift in Sources */,
				111834A22B0C137D00EB24C4 /* CafeWithDistance.swift in Sources */,
				858F15452ABB77F0002B64C1 /* SceneDelegate.swift in Sources */,
			);
			runOnlyForDeploymentPostprocessing = 0;
		};
		858F15512ABB77F1002B64C1 /* Sources */ = {
			isa = PBXSourcesBuildPhase;
			buildActionMask = 2147483647;
			files = (
				858F155A2ABB77F1002B64C1 /* PowerUpTests.swift in Sources */,
			);
			runOnlyForDeploymentPostprocessing = 0;
		};
		858F155B2ABB77F1002B64C1 /* Sources */ = {
			isa = PBXSourcesBuildPhase;
			buildActionMask = 2147483647;
			files = (
				858F15642ABB77F1002B64C1 /* PowerUpUITests.swift in Sources */,
				858F15662ABB77F1002B64C1 /* PowerUpUITestsLaunchTests.swift in Sources */,
			);
			runOnlyForDeploymentPostprocessing = 0;
		};
/* End PBXSourcesBuildPhase section */

/* Begin PBXTargetDependency section */
		858F15572ABB77F1002B64C1 /* PBXTargetDependency */ = {
			isa = PBXTargetDependency;
			target = 858F153E2ABB77F0002B64C1 /* PowerUp */;
			targetProxy = 858F15562ABB77F1002B64C1 /* PBXContainerItemProxy */;
		};
		858F15612ABB77F1002B64C1 /* PBXTargetDependency */ = {
			isa = PBXTargetDependency;
			target = 858F153E2ABB77F0002B64C1 /* PowerUp */;
			targetProxy = 858F15602ABB77F1002B64C1 /* PBXContainerItemProxy */;
		};
/* End PBXTargetDependency section */

/* Begin PBXVariantGroup section */
		858F15482ABB77F0002B64C1 /* Main.storyboard */ = {
			isa = PBXVariantGroup;
			children = (
				858F15492ABB77F0002B64C1 /* Base */,
			);
			name = Main.storyboard;
			sourceTree = "<group>";
		};
		858F154D2ABB77F1002B64C1 /* LaunchScreen.storyboard */ = {
			isa = PBXVariantGroup;
			children = (
				858F154E2ABB77F1002B64C1 /* Base */,
			);
			name = LaunchScreen.storyboard;
			sourceTree = "<group>";
		};
/* End PBXVariantGroup section */

/* Begin XCBuildConfiguration section */
		858F15672ABB77F1002B64C1 /* Debug */ = {
			isa = XCBuildConfiguration;
			buildSettings = {
				ALWAYS_SEARCH_USER_PATHS = NO;
				CLANG_ANALYZER_NONNULL = YES;
				CLANG_ANALYZER_NUMBER_OBJECT_CONVERSION = YES_AGGRESSIVE;
				CLANG_CXX_LANGUAGE_STANDARD = "gnu++20";
				CLANG_ENABLE_MODULES = YES;
				CLANG_ENABLE_OBJC_ARC = YES;
				CLANG_ENABLE_OBJC_WEAK = YES;
				CLANG_WARN_BLOCK_CAPTURE_AUTORELEASING = YES;
				CLANG_WARN_BOOL_CONVERSION = YES;
				CLANG_WARN_COMMA = YES;
				CLANG_WARN_CONSTANT_CONVERSION = YES;
				CLANG_WARN_DEPRECATED_OBJC_IMPLEMENTATIONS = YES;
				CLANG_WARN_DIRECT_OBJC_ISA_USAGE = YES_ERROR;
				CLANG_WARN_DOCUMENTATION_COMMENTS = YES;
				CLANG_WARN_EMPTY_BODY = YES;
				CLANG_WARN_ENUM_CONVERSION = YES;
				CLANG_WARN_INFINITE_RECURSION = YES;
				CLANG_WARN_INT_CONVERSION = YES;
				CLANG_WARN_NON_LITERAL_NULL_CONVERSION = YES;
				CLANG_WARN_OBJC_IMPLICIT_RETAIN_SELF = YES;
				CLANG_WARN_OBJC_LITERAL_CONVERSION = YES;
				CLANG_WARN_OBJC_ROOT_CLASS = YES_ERROR;
				CLANG_WARN_QUOTED_INCLUDE_IN_FRAMEWORK_HEADER = YES;
				CLANG_WARN_RANGE_LOOP_ANALYSIS = YES;
				CLANG_WARN_STRICT_PROTOTYPES = YES;
				CLANG_WARN_SUSPICIOUS_MOVE = YES;
				CLANG_WARN_UNGUARDED_AVAILABILITY = YES_AGGRESSIVE;
				CLANG_WARN_UNREACHABLE_CODE = YES;
				CLANG_WARN__DUPLICATE_METHOD_MATCH = YES;
				COPY_PHASE_STRIP = NO;
				DEBUG_INFORMATION_FORMAT = dwarf;
				ENABLE_STRICT_OBJC_MSGSEND = YES;
				ENABLE_TESTABILITY = YES;
				GCC_C_LANGUAGE_STANDARD = gnu11;
				GCC_DYNAMIC_NO_PIC = NO;
				GCC_NO_COMMON_BLOCKS = YES;
				GCC_OPTIMIZATION_LEVEL = 0;
				GCC_PREPROCESSOR_DEFINITIONS = (
					"DEBUG=1",
					"$(inherited)",
				);
				GCC_WARN_64_TO_32_BIT_CONVERSION = YES;
				GCC_WARN_ABOUT_RETURN_TYPE = YES_ERROR;
				GCC_WARN_UNDECLARED_SELECTOR = YES;
				GCC_WARN_UNINITIALIZED_AUTOS = YES_AGGRESSIVE;
				GCC_WARN_UNUSED_FUNCTION = YES;
				GCC_WARN_UNUSED_VARIABLE = YES;
				IPHONEOS_DEPLOYMENT_TARGET = 16.4;
				MTL_ENABLE_DEBUG_INFO = INCLUDE_SOURCE;
				MTL_FAST_MATH = YES;
				ONLY_ACTIVE_ARCH = YES;
				SDKROOT = iphoneos;
				SWIFT_ACTIVE_COMPILATION_CONDITIONS = DEBUG;
				SWIFT_OPTIMIZATION_LEVEL = "-Onone";
			};
			name = Debug;
		};
		858F15682ABB77F1002B64C1 /* Release */ = {
			isa = XCBuildConfiguration;
			buildSettings = {
				ALWAYS_SEARCH_USER_PATHS = NO;
				CLANG_ANALYZER_NONNULL = YES;
				CLANG_ANALYZER_NUMBER_OBJECT_CONVERSION = YES_AGGRESSIVE;
				CLANG_CXX_LANGUAGE_STANDARD = "gnu++20";
				CLANG_ENABLE_MODULES = YES;
				CLANG_ENABLE_OBJC_ARC = YES;
				CLANG_ENABLE_OBJC_WEAK = YES;
				CLANG_WARN_BLOCK_CAPTURE_AUTORELEASING = YES;
				CLANG_WARN_BOOL_CONVERSION = YES;
				CLANG_WARN_COMMA = YES;
				CLANG_WARN_CONSTANT_CONVERSION = YES;
				CLANG_WARN_DEPRECATED_OBJC_IMPLEMENTATIONS = YES;
				CLANG_WARN_DIRECT_OBJC_ISA_USAGE = YES_ERROR;
				CLANG_WARN_DOCUMENTATION_COMMENTS = YES;
				CLANG_WARN_EMPTY_BODY = YES;
				CLANG_WARN_ENUM_CONVERSION = YES;
				CLANG_WARN_INFINITE_RECURSION = YES;
				CLANG_WARN_INT_CONVERSION = YES;
				CLANG_WARN_NON_LITERAL_NULL_CONVERSION = YES;
				CLANG_WARN_OBJC_IMPLICIT_RETAIN_SELF = YES;
				CLANG_WARN_OBJC_LITERAL_CONVERSION = YES;
				CLANG_WARN_OBJC_ROOT_CLASS = YES_ERROR;
				CLANG_WARN_QUOTED_INCLUDE_IN_FRAMEWORK_HEADER = YES;
				CLANG_WARN_RANGE_LOOP_ANALYSIS = YES;
				CLANG_WARN_STRICT_PROTOTYPES = YES;
				CLANG_WARN_SUSPICIOUS_MOVE = YES;
				CLANG_WARN_UNGUARDED_AVAILABILITY = YES_AGGRESSIVE;
				CLANG_WARN_UNREACHABLE_CODE = YES;
				CLANG_WARN__DUPLICATE_METHOD_MATCH = YES;
				COPY_PHASE_STRIP = NO;
				DEBUG_INFORMATION_FORMAT = "dwarf-with-dsym";
				ENABLE_NS_ASSERTIONS = NO;
				ENABLE_STRICT_OBJC_MSGSEND = YES;
				GCC_C_LANGUAGE_STANDARD = gnu11;
				GCC_NO_COMMON_BLOCKS = YES;
				GCC_WARN_64_TO_32_BIT_CONVERSION = YES;
				GCC_WARN_ABOUT_RETURN_TYPE = YES_ERROR;
				GCC_WARN_UNDECLARED_SELECTOR = YES;
				GCC_WARN_UNINITIALIZED_AUTOS = YES_AGGRESSIVE;
				GCC_WARN_UNUSED_FUNCTION = YES;
				GCC_WARN_UNUSED_VARIABLE = YES;
				IPHONEOS_DEPLOYMENT_TARGET = 16.4;
				MTL_ENABLE_DEBUG_INFO = NO;
				MTL_FAST_MATH = YES;
				SDKROOT = iphoneos;
				SWIFT_COMPILATION_MODE = wholemodule;
				SWIFT_OPTIMIZATION_LEVEL = "-O";
				VALIDATE_PRODUCT = YES;
			};
			name = Release;
		};
		858F156A2ABB77F1002B64C1 /* Debug */ = {
			isa = XCBuildConfiguration;
			baseConfigurationReference = 3BF5735E8EB5E7E4240F0C71 /* Pods-PowerUp.debug.xcconfig */;
			buildSettings = {
				ASSETCATALOG_COMPILER_APPICON_NAME = AppIcon;
				ASSETCATALOG_COMPILER_GLOBAL_ACCENT_COLOR_NAME = AccentColor;
				CODE_SIGN_STYLE = Automatic;
				CURRENT_PROJECT_VERSION = 1;
				DEVELOPMENT_TEAM = 3VYD5Y58Z2;
				GENERATE_INFOPLIST_FILE = YES;
				INFOPLIST_FILE = PowerUp/Info.plist;
				INFOPLIST_KEY_UIApplicationSupportsIndirectInputEvents = YES;
				INFOPLIST_KEY_UILaunchStoryboardName = LaunchScreen;
				INFOPLIST_KEY_UIMainStoryboardFile = Main;
				INFOPLIST_KEY_UISupportedInterfaceOrientations_iPad = "UIInterfaceOrientationPortrait UIInterfaceOrientationPortraitUpsideDown UIInterfaceOrientationLandscapeLeft UIInterfaceOrientationLandscapeRight";
				INFOPLIST_KEY_UISupportedInterfaceOrientations_iPhone = "UIInterfaceOrientationPortrait UIInterfaceOrientationLandscapeLeft UIInterfaceOrientationLandscapeRight";
				LD_RUNPATH_SEARCH_PATHS = (
					"$(inherited)",
					"@executable_path/Frameworks",
				);
				MARKETING_VERSION = 1.0;
				PRODUCT_BUNDLE_IDENTIFIER = io.gomobile.PowerUp;
				PRODUCT_NAME = "$(TARGET_NAME)";
				SWIFT_EMIT_LOC_STRINGS = YES;
				SWIFT_VERSION = 5.0;
				TARGETED_DEVICE_FAMILY = "1,2";
			};
			name = Debug;
		};
		858F156B2ABB77F1002B64C1 /* Release */ = {
			isa = XCBuildConfiguration;
			baseConfigurationReference = 7551CF5ED700DE1005997F51 /* Pods-PowerUp.release.xcconfig */;
			buildSettings = {
				ASSETCATALOG_COMPILER_APPICON_NAME = AppIcon;
				ASSETCATALOG_COMPILER_GLOBAL_ACCENT_COLOR_NAME = AccentColor;
				CODE_SIGN_STYLE = Automatic;
				CURRENT_PROJECT_VERSION = 1;
				DEVELOPMENT_TEAM = 3VYD5Y58Z2;
				GENERATE_INFOPLIST_FILE = YES;
				INFOPLIST_FILE = PowerUp/Info.plist;
				INFOPLIST_KEY_UIApplicationSupportsIndirectInputEvents = YES;
				INFOPLIST_KEY_UILaunchStoryboardName = LaunchScreen;
				INFOPLIST_KEY_UIMainStoryboardFile = Main;
				INFOPLIST_KEY_UISupportedInterfaceOrientations_iPad = "UIInterfaceOrientationPortrait UIInterfaceOrientationPortraitUpsideDown UIInterfaceOrientationLandscapeLeft UIInterfaceOrientationLandscapeRight";
				INFOPLIST_KEY_UISupportedInterfaceOrientations_iPhone = "UIInterfaceOrientationPortrait UIInterfaceOrientationLandscapeLeft UIInterfaceOrientationLandscapeRight";
				LD_RUNPATH_SEARCH_PATHS = (
					"$(inherited)",
					"@executable_path/Frameworks",
				);
				MARKETING_VERSION = 1.0;
				PRODUCT_BUNDLE_IDENTIFIER = io.gomobile.PowerUp;
				PRODUCT_NAME = "$(TARGET_NAME)";
				SWIFT_EMIT_LOC_STRINGS = YES;
				SWIFT_VERSION = 5.0;
				TARGETED_DEVICE_FAMILY = "1,2";
			};
			name = Release;
		};
		858F156D2ABB77F1002B64C1 /* Debug */ = {
			isa = XCBuildConfiguration;
			baseConfigurationReference = CD92E050B85858DB48E1D08F /* Pods-PowerUpTests.debug.xcconfig */;
			buildSettings = {
				ALWAYS_EMBED_SWIFT_STANDARD_LIBRARIES = YES;
				BUNDLE_LOADER = "$(TEST_HOST)";
				CODE_SIGN_STYLE = Automatic;
				CURRENT_PROJECT_VERSION = 1;
				DEVELOPMENT_TEAM = 3VYD5Y58Z2;
				GENERATE_INFOPLIST_FILE = YES;
				IPHONEOS_DEPLOYMENT_TARGET = 16.4;
				MARKETING_VERSION = 1.0;
				PRODUCT_BUNDLE_IDENTIFIER = io.gomobile.PowerUpTests;
				PRODUCT_NAME = "$(TARGET_NAME)";
				SWIFT_EMIT_LOC_STRINGS = NO;
				SWIFT_VERSION = 5.0;
				TARGETED_DEVICE_FAMILY = "1,2";
				TEST_HOST = "$(BUILT_PRODUCTS_DIR)/PowerUp.app/$(BUNDLE_EXECUTABLE_FOLDER_PATH)/PowerUp";
			};
			name = Debug;
		};
		858F156E2ABB77F1002B64C1 /* Release */ = {
			isa = XCBuildConfiguration;
			baseConfigurationReference = 4199B8D07DD0FF42E3618594 /* Pods-PowerUpTests.release.xcconfig */;
			buildSettings = {
				ALWAYS_EMBED_SWIFT_STANDARD_LIBRARIES = YES;
				BUNDLE_LOADER = "$(TEST_HOST)";
				CODE_SIGN_STYLE = Automatic;
				CURRENT_PROJECT_VERSION = 1;
				DEVELOPMENT_TEAM = 3VYD5Y58Z2;
				GENERATE_INFOPLIST_FILE = YES;
				IPHONEOS_DEPLOYMENT_TARGET = 16.4;
				MARKETING_VERSION = 1.0;
				PRODUCT_BUNDLE_IDENTIFIER = io.gomobile.PowerUpTests;
				PRODUCT_NAME = "$(TARGET_NAME)";
				SWIFT_EMIT_LOC_STRINGS = NO;
				SWIFT_VERSION = 5.0;
				TARGETED_DEVICE_FAMILY = "1,2";
				TEST_HOST = "$(BUILT_PRODUCTS_DIR)/PowerUp.app/$(BUNDLE_EXECUTABLE_FOLDER_PATH)/PowerUp";
			};
			name = Release;
		};
		858F15702ABB77F1002B64C1 /* Debug */ = {
			isa = XCBuildConfiguration;
			baseConfigurationReference = FD1A0FB970BA81F6F3BACD8C /* Pods-PowerUp-PowerUpUITests.debug.xcconfig */;
			buildSettings = {
				ALWAYS_EMBED_SWIFT_STANDARD_LIBRARIES = YES;
				CODE_SIGN_STYLE = Automatic;
				CURRENT_PROJECT_VERSION = 1;
				DEVELOPMENT_TEAM = 3VYD5Y58Z2;
				GENERATE_INFOPLIST_FILE = YES;
				MARKETING_VERSION = 1.0;
				PRODUCT_BUNDLE_IDENTIFIER = io.gomobile.PowerUpUITests;
				PRODUCT_NAME = "$(TARGET_NAME)";
				SWIFT_EMIT_LOC_STRINGS = NO;
				SWIFT_VERSION = 5.0;
				TARGETED_DEVICE_FAMILY = "1,2";
				TEST_TARGET_NAME = PowerUp;
			};
			name = Debug;
		};
		858F15712ABB77F1002B64C1 /* Release */ = {
			isa = XCBuildConfiguration;
			baseConfigurationReference = 997B66A43E020F39A767E048 /* Pods-PowerUp-PowerUpUITests.release.xcconfig */;
			buildSettings = {
				ALWAYS_EMBED_SWIFT_STANDARD_LIBRARIES = YES;
				CODE_SIGN_STYLE = Automatic;
				CURRENT_PROJECT_VERSION = 1;
				DEVELOPMENT_TEAM = 3VYD5Y58Z2;
				GENERATE_INFOPLIST_FILE = YES;
				MARKETING_VERSION = 1.0;
				PRODUCT_BUNDLE_IDENTIFIER = io.gomobile.PowerUpUITests;
				PRODUCT_NAME = "$(TARGET_NAME)";
				SWIFT_EMIT_LOC_STRINGS = NO;
				SWIFT_VERSION = 5.0;
				TARGETED_DEVICE_FAMILY = "1,2";
				TEST_TARGET_NAME = PowerUp;
			};
			name = Release;
		};
/* End XCBuildConfiguration section */

/* Begin XCConfigurationList section */
		858F153A2ABB77F0002B64C1 /* Build configuration list for PBXProject "PowerUp" */ = {
			isa = XCConfigurationList;
			buildConfigurations = (
				858F15672ABB77F1002B64C1 /* Debug */,
				858F15682ABB77F1002B64C1 /* Release */,
			);
			defaultConfigurationIsVisible = 0;
			defaultConfigurationName = Release;
		};
		858F15692ABB77F1002B64C1 /* Build configuration list for PBXNativeTarget "PowerUp" */ = {
			isa = XCConfigurationList;
			buildConfigurations = (
				858F156A2ABB77F1002B64C1 /* Debug */,
				858F156B2ABB77F1002B64C1 /* Release */,
			);
			defaultConfigurationIsVisible = 0;
			defaultConfigurationName = Release;
		};
		858F156C2ABB77F1002B64C1 /* Build configuration list for PBXNativeTarget "PowerUpTests" */ = {
			isa = XCConfigurationList;
			buildConfigurations = (
				858F156D2ABB77F1002B64C1 /* Debug */,
				858F156E2ABB77F1002B64C1 /* Release */,
			);
			defaultConfigurationIsVisible = 0;
			defaultConfigurationName = Release;
		};
		858F156F2ABB77F1002B64C1 /* Build configuration list for PBXNativeTarget "PowerUpUITests" */ = {
			isa = XCConfigurationList;
			buildConfigurations = (
				858F15702ABB77F1002B64C1 /* Debug */,
				858F15712ABB77F1002B64C1 /* Release */,
			);
			defaultConfigurationIsVisible = 0;
			defaultConfigurationName = Release;
		};
/* End XCConfigurationList section */

/* Begin XCRemoteSwiftPackageReference section */
		8583334B2AE0AA9D005540D6 /* XCRemoteSwiftPackageReference "firebase-ios-sdk" */ = {
			isa = XCRemoteSwiftPackageReference;
			repositoryURL = "https://github.com/firebase/firebase-ios-sdk";
			requirement = {
				kind = upToNextMajorVersion;
				minimumVersion = 10.0.0;
			};
		};
/* End XCRemoteSwiftPackageReference section */

/* Begin XCSwiftPackageProductDependency section */
		8583334C2AE0AA9E005540D6 /* FirebaseAuth */ = {
			isa = XCSwiftPackageProductDependency;
			package = 8583334B2AE0AA9D005540D6 /* XCRemoteSwiftPackageReference "firebase-ios-sdk" */;
			productName = FirebaseAuth;
		};
/* End XCSwiftPackageProductDependency section */
	};
	rootObject = 858F15372ABB77F0002B64C1 /* Project object */;
}
